
Microsoft Visual Studio Solution File, Format Version 12.00
# Visual Studio Version 17
VisualStudioVersion = 17.10.35013.160
MinimumVisualStudioVersion = 10.0.40219.1
Project("{FAE04EC0-301F-11D3-BF4B-00C04F79EFBC}") = "TRANNGOCTHUYNGAN_31231023211_24C1INF50900503", "TRANNGOCTHUYNGAN_31231023211_24C1INF50900503\TRANNGOCTHUYNGAN_31231023211_24C1INF50900503.csproj", "{08CF36D2-E43D-4876-94E7-C1EA018EDBFE}"
EndProject
Global
	GlobalSection(SolutionConfigurationPlatforms) = preSolution
		Debug|Any CPU = Debug|Any CPU
		Release|Any CPU = Release|Any CPU
	EndGlobalSection
	GlobalSection(ProjectConfigurationPlatforms) = postSolution
		{08CF36D2-E43D-4876-94E7-C1EA018EDBFE}.Debug|Any CPU.ActiveCfg = Debug|Any CPU
		{08CF36D2-E43D-4876-94E7-C1EA018EDBFE}.Debug|Any CPU.Build.0 = Debug|Any CPU
		{08CF36D2-E43D-4876-94E7-C1EA018EDBFE}.Release|Any CPU.ActiveCfg = Release|Any CPU
		{08CF36D2-E43D-4876-94E7-C1EA018EDBFE}.Release|Any CPU.Build.0 = Release|Any CPU
	EndGlobalSection
	GlobalSection(SolutionProperties) = preSolution
		HideSolutionNode = FALSE
	EndGlobalSection
	GlobalSection(ExtensibilityGlobals) = postSolution
		SolutionGuid = {D6DBD1B3-B747-4334-91B0-FB3F4CC95888}
	EndGlobalSection
EndGlobal
